
Microsoft Visual Studio Solution File, Format Version 12.00
# Visual Studio Version 17
VisualStudioVersion = 17.0.31710.8
MinimumVisualStudioVersion = 10.0.40219.1
Project("{9A19103F-16F7-4668-BE54-9A1E7A4F7556}") = "Pickle", "Pickle.csproj", "{A89D6138-1DE0-4096-841D-8FD3C8593291}"
EndProject
Global
	GlobalSection(SolutionConfigurationPlatforms) = preSolution
		Debug|Any CPU = Debug|Any CPU
		Release|Any CPU = Release|Any CPU
	EndGlobalSection
	GlobalSection(ProjectConfigurationPlatforms) = postSolution
		{A89D6138-1DE0-4096-841D-8FD3C8593291}.Debug|Any CPU.ActiveCfg = Debug|Any CPU
		{A89D6138-1DE0-4096-841D-8FD3C8593291}.Debug|Any CPU.Build.0 = Debug|Any CPU
		{A89D6138-1DE0-4096-841D-8FD3C8593291}.Release|Any CPU.ActiveCfg = Release|Any CPU
		{A89D6138-1DE0-4096-841D-8FD3C8593291}.Release|Any CPU.Build.0 = Release|Any CPU
	EndGlobalSection
	GlobalSection(SolutionProperties) = preSolution
		HideSolutionNode = FALSE
	EndGlobalSection
	GlobalSection(ExtensibilityGlobals) = postSolution
		SolutionGuid = {0D790D6A-72BD-483F-B4BA-33F17C8D708E}
	EndGlobalSection
EndGlobal
